
Microsoft Visual Studio Solution File, Format Version 12.00
# Visual Studio Version 16
VisualStudioVersion = 16.0.29306.81
MinimumVisualStudioVersion = 10.0.40219.1
Project("{9A19103F-16F7-4668-BE54-9A1E7A4F7556}") = "SortWords", "SortWords.csproj", "{B6A9B68E-F011-451F-82EA-1A58AA7AB40C}"
EndProject
Global
	GlobalSection(SolutionConfigurationPlatforms) = preSolution
		Debug|Any CPU = Debug|Any CPU
		Release|Any CPU = Release|Any CPU
	EndGlobalSection
	GlobalSection(ProjectConfigurationPlatforms) = postSolution
		{B6A9B68E-F011-451F-82EA-1A58AA7AB40C}.Debug|Any CPU.ActiveCfg = Debug|Any CPU
		{B6A9B68E-F011-451F-82EA-1A58AA7AB40C}.Debug|Any CPU.Build.0 = Debug|Any CPU
		{B6A9B68E-F011-451F-82EA-1A58AA7AB40C}.Release|Any CPU.ActiveCfg = Release|Any CPU
		{B6A9B68E-F011-451F-82EA-1A58AA7AB40C}.Release|Any CPU.Build.0 = Release|Any CPU
	EndGlobalSection
	GlobalSection(SolutionProperties) = preSolution
		HideSolutionNode = FALSE
	EndGlobalSection
	GlobalSection(ExtensibilityGlobals) = postSolution
		SolutionGuid = {FEB876FE-5EF3-45CD-B961-CDDAF80F8FAC}
	EndGlobalSection
EndGlobal
