
Microsoft Visual Studio Solution File, Format Version 12.00
# Visual Studio Version 16
VisualStudioVersion = 16.0.29306.81
MinimumVisualStudioVersion = 10.0.40219.1
Project("{9A19103F-16F7-4668-BE54-9A1E7A4F7556}") = "LongestSubsequence", "LongestSubsequence.csproj", "{F973383B-8E09-4847-9CFB-BAD74F21690D}"
EndProject
Global
	GlobalSection(SolutionConfigurationPlatforms) = preSolution
		Debug|Any CPU = Debug|Any CPU
		Release|Any CPU = Release|Any CPU
	EndGlobalSection
	GlobalSection(ProjectConfigurationPlatforms) = postSolution
		{F973383B-8E09-4847-9CFB-BAD74F21690D}.Debug|Any CPU.ActiveCfg = Debug|Any CPU
		{F973383B-8E09-4847-9CFB-BAD74F21690D}.Debug|Any CPU.Build.0 = Debug|Any CPU
		{F973383B-8E09-4847-9CFB-BAD74F21690D}.Release|Any CPU.ActiveCfg = Release|Any CPU
		{F973383B-8E09-4847-9CFB-BAD74F21690D}.Release|Any CPU.Build.0 = Release|Any CPU
	EndGlobalSection
	GlobalSection(SolutionProperties) = preSolution
		HideSolutionNode = FALSE
	EndGlobalSection
	GlobalSection(ExtensibilityGlobals) = postSolution
		SolutionGuid = {4F2512F5-0A76-419E-BF66-CA6D27D388A9}
	EndGlobalSection
EndGlobal
